
Microsoft Visual Studio Solution File, Format Version 12.00
# Visual Studio Version 17
VisualStudioVersion = 17.3.32929.385
MinimumVisualStudioVersion = 10.0.40219.1
Project("{9A19103F-16F7-4668-BE54-9A1E7A4F7556}") = "TraineeManagementApp.MVC", "TraineeManagementApp.MVC\TraineeManagementApp.MVC.csproj", "{D29B75F9-562F-43D5-B19A-83635AF699A0}"
EndProject
Project("{9A19103F-16F7-4668-BE54-9A1E7A4F7556}") = "TraineeManagementApp.DAL", "TraineeManagementApp.DAL\TraineeManagementApp.DAL.csproj", "{EC1CBFE4-632F-42A3-9378-5AE733B38611}"
EndProject
Project("{FAE04EC0-301F-11D3-BF4B-00C04F79EFBC}") = "TraineeManagementApp.BLL", "TraineeManagementApp.BLL\TraineeManagementApp.BLL.csproj", "{2A82600B-820E-495D-91E1-788AA2C1FEE8}"
EndProject
Global
	GlobalSection(SolutionConfigurationPlatforms) = preSolution
		Debug|Any CPU = Debug|Any CPU
		Release|Any CPU = Release|Any CPU
	EndGlobalSection
	GlobalSection(ProjectConfigurationPlatforms) = postSolution
		{D29B75F9-562F-43D5-B19A-83635AF699A0}.Debug|Any CPU.ActiveCfg = Debug|Any CPU
		{D29B75F9-562F-43D5-B19A-83635AF699A0}.Debug|Any CPU.Build.0 = Debug|Any CPU
		{D29B75F9-562F-43D5-B19A-83635AF699A0}.Release|Any CPU.ActiveCfg = Release|Any CPU
		{D29B75F9-562F-43D5-B19A-83635AF699A0}.Release|Any CPU.Build.0 = Release|Any CPU
		{EC1CBFE4-632F-42A3-9378-5AE733B38611}.Debug|Any CPU.ActiveCfg = Debug|Any CPU
		{EC1CBFE4-632F-42A3-9378-5AE733B38611}.Debug|Any CPU.Build.0 = Debug|Any CPU
		{EC1CBFE4-632F-42A3-9378-5AE733B38611}.Release|Any CPU.ActiveCfg = Release|Any CPU
		{EC1CBFE4-632F-42A3-9378-5AE733B38611}.Release|Any CPU.Build.0 = Release|Any CPU
		{2A82600B-820E-495D-91E1-788AA2C1FEE8}.Debug|Any CPU.ActiveCfg = Debug|Any CPU
		{2A82600B-820E-495D-91E1-788AA2C1FEE8}.Debug|Any CPU.Build.0 = Debug|Any CPU
		{2A82600B-820E-495D-91E1-788AA2C1FEE8}.Release|Any CPU.ActiveCfg = Release|Any CPU
		{2A82600B-820E-495D-91E1-788AA2C1FEE8}.Release|Any CPU.Build.0 = Release|Any CPU
	EndGlobalSection
	GlobalSection(SolutionProperties) = preSolution
		HideSolutionNode = FALSE
	EndGlobalSection
	GlobalSection(ExtensibilityGlobals) = postSolution
		SolutionGuid = {EEA51977-1450-496F-B9BE-44299AC0168C}
	EndGlobalSection
EndGlobal
